
Microsoft Visual Studio Solution File, Format Version 12.00
# Visual Studio 15
VisualStudioVersion = 15.0.28010.2003
MinimumVisualStudioVersion = 10.0.40219.1
Project("{FAE04EC0-301F-11D3-BF4B-00C04F79EFBC}") = "WebApplication1", "WebApplication1\WebApplication1.csproj", "{E157A3A6-7454-4A3A-968B-90F966AB8433}"
EndProject
Global
	GlobalSection(SolutionConfigurationPlatforms) = preSolution
		Debug|Any CPU = Debug|Any CPU
		Release|Any CPU = Release|Any CPU
	EndGlobalSection
	GlobalSection(ProjectConfigurationPlatforms) = postSolution
		{E157A3A6-7454-4A3A-968B-90F966AB8433}.Debug|Any CPU.ActiveCfg = Debug|Any CPU
		{E157A3A6-7454-4A3A-968B-90F966AB8433}.Debug|Any CPU.Build.0 = Debug|Any CPU
		{E157A3A6-7454-4A3A-968B-90F966AB8433}.Release|Any CPU.ActiveCfg = Release|Any CPU
		{E157A3A6-7454-4A3A-968B-90F966AB8433}.Release|Any CPU.Build.0 = Release|Any CPU
	EndGlobalSection
	GlobalSection(SolutionProperties) = preSolution
		HideSolutionNode = FALSE
	EndGlobalSection
	GlobalSection(ExtensibilityGlobals) = postSolution
		SolutionGuid = {AA9B8AB7-F75C-4FF6-9983-1A4758B2343B}
	EndGlobalSection
EndGlobal
